
Microsoft Visual Studio Solution File, Format Version 12.00
# Visual Studio Version 18
VisualStudioVersion = 18.7.11919.86 stable
MinimumVisualStudioVersion = 10.0.40219.1
Project("{FAE04EC0-301F-11D3-BF4B-00C04F79EFBC}") = "API Gateway", "API Gateway\API Gateway.csproj", "{F863208E-D25C-48D8-8FD5-7BE338BEDCA1}"
EndProject
Project("{FAE04EC0-301F-11D3-BF4B-00C04F79EFBC}") = "UserServiceGrpc", "UserServiceGrpc\UserServiceGrpc.csproj", "{1422A225-602A-41E9-9365-279624E379BA}"
EndProject
Project("{FAE04EC0-301F-11D3-BF4B-00C04F79EFBC}") = "ProductServiceGrpc", "ProductServiceGrpc\ProductServiceGrpc.csproj", "{E21235B3-CDB7-443F-BB1F-1908B2F8708A}"
EndProject
Project("{FAE04EC0-301F-11D3-BF4B-00C04F79EFBC}") = "OrderServiceGrpc", "OrderServiceGrpc\OrderServiceGrpc.csproj", "{E6AE726E-7957-4C10-86A1-69C3E3DF64FC}"
EndProject
Global
	GlobalSection(SolutionConfigurationPlatforms) = preSolution
		Debug|Any CPU = Debug|Any CPU
		Release|Any CPU = Release|Any CPU
	EndGlobalSection
	GlobalSection(ProjectConfigurationPlatforms) = postSolution
		{F863208E-D25C-48D8-8FD5-7BE338BEDCA1}.Debug|Any CPU.ActiveCfg = Debug|Any CPU
		{F863208E-D25C-48D8-8FD5-7BE338BEDCA1}.Debug|Any CPU.Build.0 = Debug|Any CPU
		{F863208E-D25C-48D8-8FD5-7BE338BEDCA1}.Release|Any CPU.ActiveCfg = Release|Any CPU
		{F863208E-D25C-48D8-8FD5-7BE338BEDCA1}.Release|Any CPU.Build.0 = Release|Any CPU
		{1422A225-602A-41E9-9365-279624E379BA}.Debug|Any CPU.ActiveCfg = Debug|Any CPU
		{1422A225-602A-41E9-9365-279624E379BA}.Debug|Any CPU.Build.0 = Debug|Any CPU
		{1422A225-602A-41E9-9365-279624E379BA}.Release|Any CPU.ActiveCfg = Release|Any CPU
		{1422A225-602A-41E9-9365-279624E379BA}.Release|Any CPU.Build.0 = Release|Any CPU
		{E21235B3-CDB7-443F-BB1F-1908B2F8708A}.Debug|Any CPU.ActiveCfg = Debug|Any CPU
		{E21235B3-CDB7-443F-BB1F-1908B2F8708A}.Debug|Any CPU.Build.0 = Debug|Any CPU
		{E21235B3-CDB7-443F-BB1F-1908B2F8708A}.Release|Any CPU.ActiveCfg = Release|Any CPU
		{E21235B3-CDB7-443F-BB1F-1908B2F8708A}.Release|Any CPU.Build.0 = Release|Any CPU
		{E6AE726E-7957-4C10-86A1-69C3E3DF64FC}.Debug|Any CPU.ActiveCfg = Debug|Any CPU
		{E6AE726E-7957-4C10-86A1-69C3E3DF64FC}.Debug|Any CPU.Build.0 = Debug|Any CPU
		{E6AE726E-7957-4C10-86A1-69C3E3DF64FC}.Release|Any CPU.ActiveCfg = Release|Any CPU
		{E6AE726E-7957-4C10-86A1-69C3E3DF64FC}.Release|Any CPU.Build.0 = Release|Any CPU
	EndGlobalSection
	GlobalSection(SolutionProperties) = preSolution
		HideSolutionNode = FALSE
	EndGlobalSection
	GlobalSection(ExtensibilityGlobals) = postSolution
		SolutionGuid = {3E89FBF1-D625-4369-97E9-744298F76442}
	EndGlobalSection
EndGlobal
